Microsoft Visual Studio Solution File, Format Version 12.00
# Visual Studio Version 17
VisualStudioVersion = 17.2.32210.308
MinimumVisualStudioVersion = 15.0.26124.0
Project("{2150E333-8FDC-42A3-9474-1A3956D46DE8}") = "Source", "Source", "{31F33B5B-6DF6-421E-ACA4-2390ED1105B7}"
EndProject
Project("{2150E333-8FDC-42A3-9474-1A3956D46DE8}") = "Platforms", "Platforms", "{711E78E1-81CF-4C67-A70B-93FFC97822BA}"
EndProject
Project("{2150E333-8FDC-42A3-9474-1A3956D46DE8}") = "Backend", "Backend", "{325DDEC7-1259-4A72-8DF4-C45398EDA06E}"
EndProject
Project("{2150E333-8FDC-42A3-9474-1A3956D46DE8}") = "Tests", "Tests", "{18574598-C8D9-41F6-93C7-C67F2575A698}"
EndProject
Project("{9A19103F-16F7-4668-BE54-9A1E7A4F7556}") = "UnoExtApp1", "UnoExtApp1\UnoExtApp1\UnoExtApp1.csproj", "{BD3CA80B-6269-4701-AA20-FDED60313A49}"
EndProject
Project("{9A19103F-16F7-4668-BE54-9A1E7A4F7556}") = "UnoExtApp1.Mobile", "UnoExtApp1\UnoExtApp1.Mobile\UnoExtApp1.Mobile.csproj", "{9296125D-4511-4AA0-BBE5-30FD55D6F2F9}"
EndProject
Project("{9A19103F-16F7-4668-BE54-9A1E7A4F7556}") = "UnoExtApp1.Wasm", "UnoExtApp1\UnoExtApp1.Wasm\UnoExtApp1.Wasm.csproj", "{D39C7DA4-6AE1-45B5-8D9A-5AB51B8845B3}"
EndProject
Project("{9A19103F-16F7-4668-BE54-9A1E7A4F7556}") = "UnoExtApp1.Skia.Gtk", "UnoExtApp1\UnoExtApp1.Skia.Gtk\UnoExtApp1.Skia.Gtk.csproj", "{815648C6-7B9C-4FA4-BA14-50B14CEB18BE}"
EndProject
Project("{9A19103F-16F7-4668-BE54-9A1E7A4F7556}") = "UnoExtApp1.Windows", "UnoExtApp1\UnoExtApp1.Windows\UnoExtApp1.Windows.csproj", "{6AB3D303-2F8B-4716-B8FC-6970B562C580}"
EndProject
Project("{9A19103F-16F7-4668-BE54-9A1E7A4F7556}") = "UnoExtApp1.Server", "UnoExtApp1\UnoExtApp1.Server\UnoExtApp1.Server.csproj", "{3CDD35CB-CDC9-46D0-A43D-9A75A3BBE49C}"
EndProject
Project("{9A19103F-16F7-4668-BE54-9A1E7A4F7556}") = "UnoExtApp1.DataContracts", "UnoExtApp1\UnoExtApp1.DataContracts\UnoExtApp1.DataContracts.csproj", "{9AB0FD49-EBAB-4756-8E93-866629421B18}"
EndProject
Project("{9A19103F-16F7-4668-BE54-9A1E7A4F7556}") = "UnoExtApp1.Tests", "UnoExtApp1\UnoExtApp1.Tests\UnoExtApp1.Tests.csproj", "{18648E50-4A1D-4E5D-88D1-6D106263BFF7}"
EndProject
Project("{9A19103F-16F7-4668-BE54-9A1E7A4F7556}") = "UnoExtApp1.UITests", "UnoExtApp1\UnoExtApp1.UITests\UnoExtApp1.UITests.csproj", "{89698B90-0A6D-4E8A-BF86-7D0660B6C02C}"
EndProject
Project("{2150E333-8FDC-42A3-9474-1A3956D46DE8}") = "Solution Items", "Solution Items", "{BADA71DC-7FFD-4EDC-9F28-FB74AEADC713}"
	ProjectSection(SolutionItems) = preProject
		UnoExtApp1\Directory.Build.props = UnoExtApp1\Directory.Build.props
		UnoExtApp1\Directory.Build.targets = UnoExtApp1\Directory.Build.targets
		UnoExtApp1\global.json = UnoExtApp1\global.json
	EndProjectSection
EndProject
Global
	GlobalSection(SolutionConfigurationPlatforms) = preSolution
		Debug|Any CPU = Debug|Any CPU
		Debug|ARM = Debug|ARM
		Debug|ARM64 = Debug|ARM64
		Debug|iPhone = Debug|iPhone
		Debug|iPhoneSimulator = Debug|iPhoneSimulator
		Debug|x64 = Debug|x64
		Debug|x86 = Debug|x86
		Release|Any CPU = Release|Any CPU
		Release|ARM = Release|ARM
		Release|ARM64 = Release|ARM64
		Release|iPhone = Release|iPhone
		Release|iPhoneSimulator = Release|iPhoneSimulator
		Release|x64 = Release|x64
		Release|x86 = Release|x86
	EndGlobalSection
	GlobalSection(ProjectConfigurationPlatforms) = postSolution
		{BD3CA80B-6269-4701-AA20-FDED60313A49}.Debug|Any CPU.ActiveCfg = Debug|Any CPU
		{BD3CA80B-6269-4701-AA20-FDED60313A49}.Debug|Any CPU.Build.0 = Debug|Any CPU
		{BD3CA80B-6269-4701-AA20-FDED60313A49}.Debug|ARM.ActiveCfg = Debug|Any CPU
		{BD3CA80B-6269-4701-AA20-FDED60313A49}.Debug|ARM.Build.0 = Debug|Any CPU
		{BD3CA80B-6269-4701-AA20-FDED60313A49}.Debug|ARM64.ActiveCfg = Debug|Any CPU
		{BD3CA80B-6269-4701-AA20-FDED60313A49}.Debug|ARM64.Build.0 = Debug|Any CPU
		{BD3CA80B-6269-4701-AA20-FDED60313A49}.Debug|iPhone.ActiveCfg = Debug|Any CPU
		{BD3CA80B-6269-4701-AA20-FDED60313A49}.Debug|iPhone.Build.0 = Debug|Any CPU
		{BD3CA80B-6269-4701-AA20-FDED60313A49}.Debug|iPhoneSimulator.ActiveCfg = Debug|Any CPU
		{BD3CA80B-6269-4701-AA20-FDED60313A49}.Debug|iPhoneSimulator.Build.0 = Debug|Any CPU
		{BD3CA80B-6269-4701-AA20-FDED60313A49}.Debug|x64.ActiveCfg = Debug|Any CPU
		{BD3CA80B-6269-4701-AA20-FDED60313A49}.Debug|x64.Build.0 = Debug|Any CPU
		{BD3CA80B-6269-4701-AA20-FDED60313A49}.Debug|x86.ActiveCfg = Debug|Any CPU
		{BD3CA80B-6269-4701-AA20-FDED60313A49}.Debug|x86.Build.0 = Debug|Any CPU
		{BD3CA80B-6269-4701-AA20-FDED60313A49}.Release|Any CPU.ActiveCfg = Release|Any CPU
		{BD3CA80B-6269-4701-AA20-FDED60313A49}.Release|Any CPU.Build.0 = Release|Any CPU
		{BD3CA80B-6269-4701-AA20-FDED60313A49}.Release|ARM.ActiveCfg = Release|Any CPU
		{BD3CA80B-6269-4701-AA20-FDED60313A49}.Release|ARM.Build.0 = Release|Any CPU
		{BD3CA80B-6269-4701-AA20-FDED60313A49}.Release|ARM64.ActiveCfg = Release|Any CPU
		{BD3CA80B-6269-4701-AA20-FDED60313A49}.Release|ARM64.Build.0 = Release|Any CPU
		{BD3CA80B-6269-4701-AA20-FDED60313A49}.Release|iPhone.ActiveCfg = Release|Any CPU
		{BD3CA80B-6269-4701-AA20-FDED60313A49}.Release|iPhone.Build.0 = Release|Any CPU
		{BD3CA80B-6269-4701-AA20-FDED60313A49}.Release|iPhoneSimulator.ActiveCfg = Release|Any CPU
		{BD3CA80B-6269-4701-AA20-FDED60313A49}.Release|iPhoneSimulator.Build.0 = Release|Any CPU
		{BD3CA80B-6269-4701-AA20-FDED60313A49}.Release|x64.ActiveCfg = Release|Any CPU
		{BD3CA80B-6269-4701-AA20-FDED60313A49}.Release|x64.Build.0 = Release|Any CPU
		{BD3CA80B-6269-4701-AA20-FDED60313A49}.Release|x86.ActiveCfg = Release|Any CPU
		{BD3CA80B-6269-4701-AA20-FDED60313A49}.Release|x86.Build.0 = Release|Any CPU
		{9296125D-4511-4AA0-BBE5-30FD55D6F2F9}.Debug|Any CPU.ActiveCfg = Debug|Any CPU
		{9296125D-4511-4AA0-BBE5-30FD55D6F2F9}.Debug|Any CPU.Build.0 = Debug|Any CPU
		{9296125D-4511-4AA0-BBE5-30FD55D6F2F9}.Debug|Any CPU.Deploy.0 = Debug|Any CPU
		{9296125D-4511-4AA0-BBE5-30FD55D6F2F9}.Debug|ARM.ActiveCfg = Debug|Any CPU
		{9296125D-4511-4AA0-BBE5-30FD55D6F2F9}.Debug|ARM.Build.0 = Debug|Any CPU
		{9296125D-4511-4AA0-BBE5-30FD55D6F2F9}.Debug|ARM.Deploy.0 = Debug|Any CPU
		{9296125D-4511-4AA0-BBE5-30FD55D6F2F9}.Debug|ARM64.ActiveCfg = Debug|Any CPU
		{9296125D-4511-4AA0-BBE5-30FD55D6F2F9}.Debug|ARM64.Build.0 = Debug|Any CPU
		{9296125D-4511-4AA0-BBE5-30FD55D6F2F9}.Debug|ARM64.Deploy.0 = Debug|Any CPU
		{9296125D-4511-4AA0-BBE5-30FD55D6F2F9}.Debug|iPhone.ActiveCfg = Debug|Any CPU
		{9296125D-4511-4AA0-BBE5-30FD55D6F2F9}.Debug|iPhone.Build.0 = Debug|Any CPU
		{9296125D-4511-4AA0-BBE5-30FD55D6F2F9}.Debug|iPhone.Deploy.0 = Debug|Any CPU
		{9296125D-4511-4AA0-BBE5-30FD55D6F2F9}.Debug|iPhoneSimulator.ActiveCfg = Debug|Any CPU
		{9296125D-4511-4AA0-BBE5-30FD55D6F2F9}.Debug|iPhoneSimulator.Build.0 = Debug|Any CPU
		{9296125D-4511-4AA0-BBE5-30FD55D6F2F9}.Debug|iPhoneSimulator.Deploy.0 = Debug|Any CPU
		{9296125D-4511-4AA0-BBE5-30FD55D6F2F9}.Debug|x64.ActiveCfg = Debug|Any CPU
		{9296125D-4511-4AA0-BBE5-30FD55D6F2F9}.Debug|x64.Build.0 = Debug|Any CPU
		{9296125D-4511-4AA0-BBE5-30FD55D6F2F9}.Debug|x64.Deploy.0 = Debug|Any CPU
		{9296125D-4511-4AA0-BBE5-30FD55D6F2F9}.Debug|x86.ActiveCfg = Debug|Any CPU
		{9296125D-4511-4AA0-BBE5-30FD55D6F2F9}.Debug|x86.Build.0 = Debug|Any CPU
		{9296125D-4511-4AA0-BBE5-30FD55D6F2F9}.Debug|x86.Deploy.0 = Debug|Any CPU
		{9296125D-4511-4AA0-BBE5-30FD55D6F2F9}.Release|Any CPU.ActiveCfg = Release|Any CPU
		{9296125D-4511-4AA0-BBE5-30FD55D6F2F9}.Release|Any CPU.Build.0 = Release|Any CPU
		{9296125D-4511-4AA0-BBE5-30FD55D6F2F9}.Release|Any CPU.Deploy.0 = Release|Any CPU
		{9296125D-4511-4AA0-BBE5-30FD55D6F2F9}.Release|ARM.ActiveCfg = Release|Any CPU
		{9296125D-4511-4AA0-BBE5-30FD55D6F2F9}.Release|ARM.Build.0 = Release|Any CPU
		{9296125D-4511-4AA0-BBE5-30FD55D6F2F9}.Release|ARM.Deploy.0 = Release|Any CPU
		{9296125D-4511-4AA0-BBE5-30FD55D6F2F9}.Release|ARM64.ActiveCfg = Release|Any CPU
		{9296125D-4511-4AA0-BBE5-30FD55D6F2F9}.Release|ARM64.Build.0 = Release|Any CPU
		{9296125D-4511-4AA0-BBE5-30FD55D6F2F9}.Release|ARM64.Deploy.0 = Release|Any CPU
		{9296125D-4511-4AA0-BBE5-30FD55D6F2F9}.Release|iPhone.ActiveCfg = Release|Any CPU
		{9296125D-4511-4AA0-BBE5-30FD55D6F2F9}.Release|iPhone.Build.0 = Release|Any CPU
		{9296125D-4511-4AA0-BBE5-30FD55D6F2F9}.Release|iPhone.Deploy.0 = Release|Any CPU
		{9296125D-4511-4AA0-BBE5-30FD55D6F2F9}.Release|iPhoneSimulator.ActiveCfg = Release|Any CPU
		{9296125D-4511-4AA0-BBE5-30FD55D6F2F9}.Release|iPhoneSimulator.Build.0 = Release|Any CPU
		{9296125D-4511-4AA0-BBE5-30FD55D6F2F9}.Release|iPhoneSimulator.Deploy.0 = Release|Any CPU
		{9296125D-4511-4AA0-BBE5-30FD55D6F2F9}.Release|x64.ActiveCfg = Release|Any CPU
		{9296125D-4511-4AA0-BBE5-30FD55D6F2F9}.Release|x64.Build.0 = Release|Any CPU
		{9296125D-4511-4AA0-BBE5-30FD55D6F2F9}.Release|x64.Deploy.0 = Release|Any CPU
		{9296125D-4511-4AA0-BBE5-30FD55D6F2F9}.Release|x86.ActiveCfg = Release|Any CPU
		{9296125D-4511-4AA0-BBE5-30FD55D6F2F9}.Release|x86.Build.0 = Release|Any CPU
		{9296125D-4511-4AA0-BBE5-30FD55D6F2F9}.Release|x86.Deploy.0 = Release|Any CPU
		{D39C7DA4-6AE1-45B5-8D9A-5AB51B8845B3}.Debug|Any CPU.ActiveCfg = Debug|Any CPU
		{D39C7DA4-6AE1-45B5-8D9A-5AB51B8845B3}.Debug|Any CPU.Build.0 = Debug|Any CPU
		{D39C7DA4-6AE1-45B5-8D9A-5AB51B8845B3}.Debug|ARM.ActiveCfg = Debug|Any CPU
		{D39C7DA4-6AE1-45B5-8D9A-5AB51B8845B3}.Debug|ARM.Build.0 = Debug|Any CPU
		{D39C7DA4-6AE1-45B5-8D9A-5AB51B8845B3}.Debug|ARM64.ActiveCfg = Debug|Any CPU
		{D39C7DA4-6AE1-45B5-8D9A-5AB51B8845B3}.Debug|ARM64.Build.0 = Debug|Any CPU
		{D39C7DA4-6AE1-45B5-8D9A-5AB51B8845B3}.Debug|iPhone.ActiveCfg = Debug|Any CPU
		{D39C7DA4-6AE1-45B5-8D9A-5AB51B8845B3}.Debug|iPhone.Build.0 = Debug|Any CPU
		{D39C7DA4-6AE1-45B5-8D9A-5AB51B8845B3}.Debug|iPhoneSimulator.ActiveCfg = Debug|Any CPU
		{D39C7DA4-6AE1-45B5-8D9A-5AB51B8845B3}.Debug|iPhoneSimulator.Build.0 = Debug|Any CPU
		{D39C7DA4-6AE1-45B5-8D9A-5AB51B8845B3}.Debug|x64.ActiveCfg = Debug|Any CPU
		{D39C7DA4-6AE1-45B5-8D9A-5AB51B8845B3}.Debug|x64.Build.0 = Debug|Any CPU
		{D39C7DA4-6AE1-45B5-8D9A-5AB51B8845B3}.Debug|x86.ActiveCfg = Debug|Any CPU
		{D39C7DA4-6AE1-45B5-8D9A-5AB51B8845B3}.Debug|x86.Build.0 = Debug|Any CPU
		{D39C7DA4-6AE1-45B5-8D9A-5AB51B8845B3}.Release|Any CPU.ActiveCfg = Release|Any CPU
		{D39C7DA4-6AE1-45B5-8D9A-5AB51B8845B3}.Release|Any CPU.Build.0 = Release|Any CPU
		{D39C7DA4-6AE1-45B5-8D9A-5AB51B8845B3}.Release|ARM.ActiveCfg = Release|Any CPU
		{D39C7DA4-6AE1-45B5-8D9A-5AB51B8845B3}.Release|ARM.Build.0 = Release|Any CPU
		{D39C7DA4-6AE1-45B5-8D9A-5AB51B8845B3}.Release|ARM64.ActiveCfg = Release|Any CPU
		{D39C7DA4-6AE1-45B5-8D9A-5AB51B8845B3}.Release|ARM64.Build.0 = Release|Any CPU
		{D39C7DA4-6AE1-45B5-8D9A-5AB51B8845B3}.Release|iPhone.ActiveCfg = Release|Any CPU
		{D39C7DA4-6AE1-45B5-8D9A-5AB51B8845B3}.Release|iPhone.Build.0 = Release|Any CPU
		{D39C7DA4-6AE1-45B5-8D9A-5AB51B8845B3}.Release|iPhoneSimulator.ActiveCfg = Release|Any CPU
		{D39C7DA4-6AE1-45B5-8D9A-5AB51B8845B3}.Release|iPhoneSimulator.Build.0 = Release|Any CPU
		{D39C7DA4-6AE1-45B5-8D9A-5AB51B8845B3}.Release|x64.ActiveCfg = Release|Any CPU
		{D39C7DA4-6AE1-45B5-8D9A-5AB51B8845B3}.Release|x64.Build.0 = Release|Any CPU
		{D39C7DA4-6AE1-45B5-8D9A-5AB51B8845B3}.Release|x86.ActiveCfg = Release|Any CPU
		{D39C7DA4-6AE1-45B5-8D9A-5AB51B8845B3}.Release|x86.Build.0 = Release|Any CPU
		{815648C6-7B9C-4FA4-BA14-50B14CEB18BE}.Debug|Any CPU.ActiveCfg = Debug|Any CPU
		{815648C6-7B9C-4FA4-BA14-50B14CEB18BE}.Debug|Any CPU.Build.0 = Debug|Any CPU
		{815648C6-7B9C-4FA4-BA14-50B14CEB18BE}.Debug|ARM.ActiveCfg = Debug|Any CPU
		{815648C6-7B9C-4FA4-BA14-50B14CEB18BE}.Debug|ARM.Build.0 = Debug|Any CPU
		{815648C6-7B9C-4FA4-BA14-50B14CEB18BE}.Debug|ARM64.ActiveCfg = Debug|Any CPU
		{815648C6-7B9C-4FA4-BA14-50B14CEB18BE}.Debug|ARM64.Build.0 = Debug|Any CPU
		{815648C6-7B9C-4FA4-BA14-50B14CEB18BE}.Debug|iPhone.ActiveCfg = Debug|Any CPU
		{815648C6-7B9C-4FA4-BA14-50B14CEB18BE}.Debug|iPhone.Build.0 = Debug|Any CPU
		{815648C6-7B9C-4FA4-BA14-50B14CEB18BE}.Debug|iPhoneSimulator.ActiveCfg = Debug|Any CPU
		{815648C6-7B9C-4FA4-BA14-50B14CEB18BE}.Debug|iPhoneSimulator.Build.0 = Debug|Any CPU
		{815648C6-7B9C-4FA4-BA14-50B14CEB18BE}.Debug|x64.ActiveCfg = Debug|Any CPU
		{815648C6-7B9C-4FA4-BA14-50B14CEB18BE}.Debug|x64.Build.0 = Debug|Any CPU
		{815648C6-7B9C-4FA4-BA14-50B14CEB18BE}.Debug|x86.ActiveCfg = Debug|Any CPU
		{815648C6-7B9C-4FA4-BA14-50B14CEB18BE}.Debug|x86.Build.0 = Debug|Any CPU
		{815648C6-7B9C-4FA4-BA14-50B14CEB18BE}.Release|Any CPU.ActiveCfg = Release|Any CPU
		{815648C6-7B9C-4FA4-BA14-50B14CEB18BE}.Release|Any CPU.Build.0 = Release|Any CPU
		{815648C6-7B9C-4FA4-BA14-50B14CEB18BE}.Release|ARM.ActiveCfg = Release|Any CPU
		{815648C6-7B9C-4FA4-BA14-50B14CEB18BE}.Release|ARM.Build.0 = Release|Any CPU
		{815648C6-7B9C-4FA4-BA14-50B14CEB18BE}.Release|ARM64.ActiveCfg = Release|Any CPU
		{815648C6-7B9C-4FA4-BA14-50B14CEB18BE}.Release|ARM64.Build.0 = Release|Any CPU
		{815648C6-7B9C-4FA4-BA14-50B14CEB18BE}.Release|iPhone.ActiveCfg = Release|Any CPU
		{815648C6-7B9C-4FA4-BA14-50B14CEB18BE}.Release|iPhone.Build.0 = Release|Any CPU
		{815648C6-7B9C-4FA4-BA14-50B14CEB18BE}.Release|iPhoneSimulator.ActiveCfg = Release|Any CPU
		{815648C6-7B9C-4FA4-BA14-50B14CEB18BE}.Release|iPhoneSimulator.Build.0 = Release|Any CPU
		{815648C6-7B9C-4FA4-BA14-50B14CEB18BE}.Release|x64.ActiveCfg = Release|Any CPU
		{815648C6-7B9C-4FA4-BA14-50B14CEB18BE}.Release|x64.Build.0 = Release|Any CPU
		{815648C6-7B9C-4FA4-BA14-50B14CEB18BE}.Release|x86.ActiveCfg = Release|Any CPU
		{815648C6-7B9C-4FA4-BA14-50B14CEB18BE}.Release|x86.Build.0 = Release|Any CPU
		{6AB3D303-2F8B-4716-B8FC-6970B562C580}.Debug|Any CPU.ActiveCfg = Debug|x64
		{6AB3D303-2F8B-4716-B8FC-6970B562C580}.Debug|Any CPU.Build.0 = Debug|x64
		{6AB3D303-2F8B-4716-B8FC-6970B562C580}.Debug|Any CPU.Deploy.0 = Debug|x64
		{6AB3D303-2F8B-4716-B8FC-6970B562C580}.Debug|ARM.ActiveCfg = Debug|x64
		{6AB3D303-2F8B-4716-B8FC-6970B562C580}.Debug|ARM.Build.0 = Debug|x64
		{6AB3D303-2F8B-4716-B8FC-6970B562C580}.Debug|ARM.Deploy.0 = Debug|x64
		{6AB3D303-2F8B-4716-B8FC-6970B562C580}.Debug|ARM64.ActiveCfg = Debug|arm64
		{6AB3D303-2F8B-4716-B8FC-6970B562C580}.Debug|ARM64.Build.0 = Debug|arm64
		{6AB3D303-2F8B-4716-B8FC-6970B562C580}.Debug|ARM64.Deploy.0 = Debug|arm64
		{6AB3D303-2F8B-4716-B8FC-6970B562C580}.Debug|iPhone.ActiveCfg = Debug|x64
		{6AB3D303-2F8B-4716-B8FC-6970B562C580}.Debug|iPhone.Build.0 = Debug|x64
		{6AB3D303-2F8B-4716-B8FC-6970B562C580}.Debug|iPhone.Deploy.0 = Debug|x64
		{6AB3D303-2F8B-4716-B8FC-6970B562C580}.Debug|iPhoneSimulator.ActiveCfg = Debug|x64
		{6AB3D303-2F8B-4716-B8FC-6970B562C580}.Debug|iPhoneSimulator.Build.0 = Debug|x64
		{6AB3D303-2F8B-4716-B8FC-6970B562C580}.Debug|iPhoneSimulator.Deploy.0 = Debug|x64
		{6AB3D303-2F8B-4716-B8FC-6970B562C580}.Debug|x64.ActiveCfg = Debug|x64
		{6AB3D303-2F8B-4716-B8FC-6970B562C580}.Debug|x64.Build.0 = Debug|x64
		{6AB3D303-2F8B-4716-B8FC-6970B562C580}.Debug|x86.ActiveCfg = Debug|x86
		{6AB3D303-2F8B-4716-B8FC-6970B562C580}.Debug|x86.Build.0 = Debug|x86
		{6AB3D303-2F8B-4716-B8FC-6970B562C580}.Release|Any CPU.ActiveCfg = Release|x64
		{6AB3D303-2F8B-4716-B8FC-6970B562C580}.Release|Any CPU.Build.0 = Release|x64
		{6AB3D303-2F8B-4716-B8FC-6970B562C580}.Release|Any CPU.Deploy.0 = Release|x64
		{6AB3D303-2F8B-4716-B8FC-6970B562C580}.Release|ARM.ActiveCfg = Release|x64
		{6AB3D303-2F8B-4716-B8FC-6970B562C580}.Release|ARM.Build.0 = Release|x64
		{6AB3D303-2F8B-4716-B8FC-6970B562C580}.Release|ARM64.ActiveCfg = Release|arm64
		{6AB3D303-2F8B-4716-B8FC-6970B562C580}.Release|ARM64.Build.0 = Release|arm64
		{6AB3D303-2F8B-4716-B8FC-6970B562C580}.Release|iPhone.ActiveCfg = Release|x64
		{6AB3D303-2F8B-4716-B8FC-6970B562C580}.Release|iPhone.Build.0 = Release|x64
		{6AB3D303-2F8B-4716-B8FC-6970B562C580}.Release|iPhoneSimulator.ActiveCfg = Release|x64
		{6AB3D303-2F8B-4716-B8FC-6970B562C580}.Release|iPhoneSimulator.Build.0 = Release|x64
		{6AB3D303-2F8B-4716-B8FC-6970B562C580}.Release|x64.ActiveCfg = Release|x64
		{6AB3D303-2F8B-4716-B8FC-6970B562C580}.Release|x64.Build.0 = Release|x64
		{6AB3D303-2F8B-4716-B8FC-6970B562C580}.Release|x86.ActiveCfg = Release|x86
		{6AB3D303-2F8B-4716-B8FC-6970B562C580}.Release|x86.Build.0 = Release|x86
		{3CDD35CB-CDC9-46D0-A43D-9A75A3BBE49C}.Debug|Any CPU.ActiveCfg = Debug|Any CPU
		{3CDD35CB-CDC9-46D0-A43D-9A75A3BBE49C}.Debug|Any CPU.Build.0 = Debug|Any CPU
		{3CDD35CB-CDC9-46D0-A43D-9A75A3BBE49C}.Debug|ARM.ActiveCfg = Debug|Any CPU
		{3CDD35CB-CDC9-46D0-A43D-9A75A3BBE49C}.Debug|ARM.Build.0 = Debug|Any CPU
		{3CDD35CB-CDC9-46D0-A43D-9A75A3BBE49C}.Debug|ARM64.ActiveCfg = Debug|Any CPU
		{3CDD35CB-CDC9-46D0-A43D-9A75A3BBE49C}.Debug|ARM64.Build.0 = Debug|Any CPU
		{3CDD35CB-CDC9-46D0-A43D-9A75A3BBE49C}.Debug|iPhone.ActiveCfg = Debug|Any CPU
		{3CDD35CB-CDC9-46D0-A43D-9A75A3BBE49C}.Debug|iPhone.Build.0 = Debug|Any CPU
		{3CDD35CB-CDC9-46D0-A43D-9A75A3BBE49C}.Debug|iPhoneSimulator.ActiveCfg = Debug|Any CPU
		{3CDD35CB-CDC9-46D0-A43D-9A75A3BBE49C}.Debug|iPhoneSimulator.Build.0 = Debug|Any CPU
		{3CDD35CB-CDC9-46D0-A43D-9A75A3BBE49C}.Debug|x64.ActiveCfg = Debug|Any CPU
		{3CDD35CB-CDC9-46D0-A43D-9A75A3BBE49C}.Debug|x64.Build.0 = Debug|Any CPU
		{3CDD35CB-CDC9-46D0-A43D-9A75A3BBE49C}.Debug|x86.ActiveCfg = Debug|Any CPU
		{3CDD35CB-CDC9-46D0-A43D-9A75A3BBE49C}.Debug|x86.Build.0 = Debug|Any CPU
		{3CDD35CB-CDC9-46D0-A43D-9A75A3BBE49C}.Release|Any CPU.ActiveCfg = Release|Any CPU
		{3CDD35CB-CDC9-46D0-A43D-9A75A3BBE49C}.Release|Any CPU.Build.0 = Release|Any CPU
		{3CDD35CB-CDC9-46D0-A43D-9A75A3BBE49C}.Release|ARM.ActiveCfg = Release|Any CPU
		{3CDD35CB-CDC9-46D0-A43D-9A75A3BBE49C}.Release|ARM.Build.0 = Release|Any CPU
		{3CDD35CB-CDC9-46D0-A43D-9A75A3BBE49C}.Release|ARM64.ActiveCfg = Release|Any CPU
		{3CDD35CB-CDC9-46D0-A43D-9A75A3BBE49C}.Release|ARM64.Build.0 = Release|Any CPU
		{3CDD35CB-CDC9-46D0-A43D-9A75A3BBE49C}.Release|iPhone.ActiveCfg = Release|Any CPU
		{3CDD35CB-CDC9-46D0-A43D-9A75A3BBE49C}.Release|iPhone.Build.0 = Release|Any CPU
		{3CDD35CB-CDC9-46D0-A43D-9A75A3BBE49C}.Release|iPhoneSimulator.ActiveCfg = Release|Any CPU
		{3CDD35CB-CDC9-46D0-A43D-9A75A3BBE49C}.Release|iPhoneSimulator.Build.0 = Release|Any CPU
		{3CDD35CB-CDC9-46D0-A43D-9A75A3BBE49C}.Release|x64.ActiveCfg = Release|Any CPU
		{3CDD35CB-CDC9-46D0-A43D-9A75A3BBE49C}.Release|x64.Build.0 = Release|Any CPU
		{3CDD35CB-CDC9-46D0-A43D-9A75A3BBE49C}.Release|x86.ActiveCfg = Release|Any CPU
		{3CDD35CB-CDC9-46D0-A43D-9A75A3BBE49C}.Release|x86.Build.0 = Release|Any CPU
		{9AB0FD49-EBAB-4756-8E93-866629421B18}.Debug|Any CPU.ActiveCfg = Debug|Any CPU
		{9AB0FD49-EBAB-4756-8E93-866629421B18}.Debug|Any CPU.Build.0 = Debug|Any CPU
		{9AB0FD49-EBAB-4756-8E93-866629421B18}.Debug|ARM.ActiveCfg = Debug|Any CPU
		{9AB0FD49-EBAB-4756-8E93-866629421B18}.Debug|ARM.Build.0 = Debug|Any CPU
		{9AB0FD49-EBAB-4756-8E93-866629421B18}.Debug|ARM64.ActiveCfg = Debug|Any CPU
		{9AB0FD49-EBAB-4756-8E93-866629421B18}.Debug|ARM64.Build.0 = Debug|Any CPU
		{9AB0FD49-EBAB-4756-8E93-866629421B18}.Debug|iPhone.ActiveCfg = Debug|Any CPU
		{9AB0FD49-EBAB-4756-8E93-866629421B18}.Debug|iPhone.Build.0 = Debug|Any CPU
		{9AB0FD49-EBAB-4756-8E93-866629421B18}.Debug|iPhoneSimulator.ActiveCfg = Debug|Any CPU
		{9AB0FD49-EBAB-4756-8E93-866629421B18}.Debug|iPhoneSimulator.Build.0 = Debug|Any CPU
		{9AB0FD49-EBAB-4756-8E93-866629421B18}.Debug|x64.ActiveCfg = Debug|Any CPU
		{9AB0FD49-EBAB-4756-8E93-866629421B18}.Debug|x64.Build.0 = Debug|Any CPU
		{9AB0FD49-EBAB-4756-8E93-866629421B18}.Debug|x86.ActiveCfg = Debug|Any CPU
		{9AB0FD49-EBAB-4756-8E93-866629421B18}.Debug|x86.Build.0 = Debug|Any CPU
		{9AB0FD49-EBAB-4756-8E93-866629421B18}.Release|Any CPU.ActiveCfg = Release|Any CPU
		{9AB0FD49-EBAB-4756-8E93-866629421B18}.Release|Any CPU.Build.0 = Release|Any CPU
		{9AB0FD49-EBAB-4756-8E93-866629421B18}.Release|ARM.ActiveCfg = Release|Any CPU
		{9AB0FD49-EBAB-4756-8E93-866629421B18}.Release|ARM.Build.0 = Release|Any CPU
		{9AB0FD49-EBAB-4756-8E93-866629421B18}.Release|ARM64.ActiveCfg = Release|Any CPU
		{9AB0FD49-EBAB-4756-8E93-866629421B18}.Release|ARM64.Build.0 = Release|Any CPU
		{9AB0FD49-EBAB-4756-8E93-866629421B18}.Release|iPhone.ActiveCfg = Release|Any CPU
		{9AB0FD49-EBAB-4756-8E93-866629421B18}.Release|iPhone.Build.0 = Release|Any CPU
		{9AB0FD49-EBAB-4756-8E93-866629421B18}.Release|iPhoneSimulator.ActiveCfg = Release|Any CPU
		{9AB0FD49-EBAB-4756-8E93-866629421B18}.Release|iPhoneSimulator.Build.0 = Release|Any CPU
		{9AB0FD49-EBAB-4756-8E93-866629421B18}.Release|x64.ActiveCfg = Release|Any CPU
		{9AB0FD49-EBAB-4756-8E93-866629421B18}.Release|x64.Build.0 = Release|Any CPU
		{9AB0FD49-EBAB-4756-8E93-866629421B18}.Release|x86.ActiveCfg = Release|Any CPU
		{9AB0FD49-EBAB-4756-8E93-866629421B18}.Release|x86.Build.0 = Release|Any CPU
		{18648E50-4A1D-4E5D-88D1-6D106263BFF7}.Debug|Any CPU.ActiveCfg = Debug|Any CPU
		{18648E50-4A1D-4E5D-88D1-6D106263BFF7}.Debug|Any CPU.Build.0 = Debug|Any CPU
		{18648E50-4A1D-4E5D-88D1-6D106263BFF7}.Debug|ARM.ActiveCfg = Debug|Any CPU
		{18648E50-4A1D-4E5D-88D1-6D106263BFF7}.Debug|ARM.Build.0 = Debug|Any CPU
		{18648E50-4A1D-4E5D-88D1-6D106263BFF7}.Debug|ARM64.ActiveCfg = Debug|Any CPU
		{18648E50-4A1D-4E5D-88D1-6D106263BFF7}.Debug|ARM64.Build.0 = Debug|Any CPU
		{18648E50-4A1D-4E5D-88D1-6D106263BFF7}.Debug|iPhone.ActiveCfg = Debug|Any CPU
		{18648E50-4A1D-4E5D-88D1-6D106263BFF7}.Debug|iPhone.Build.0 = Debug|Any CPU
		{18648E50-4A1D-4E5D-88D1-6D106263BFF7}.Debug|iPhoneSimulator.ActiveCfg = Debug|Any CPU
		{18648E50-4A1D-4E5D-88D1-6D106263BFF7}.Debug|iPhoneSimulator.Build.0 = Debug|Any CPU
		{18648E50-4A1D-4E5D-88D1-6D106263BFF7}.Debug|x64.ActiveCfg = Debug|Any CPU
		{18648E50-4A1D-4E5D-88D1-6D106263BFF7}.Debug|x64.Build.0 = Debug|Any CPU
		{18648E50-4A1D-4E5D-88D1-6D106263BFF7}.Debug|x86.ActiveCfg = Debug|Any CPU
		{18648E50-4A1D-4E5D-88D1-6D106263BFF7}.Debug|x86.Build.0 = Debug|Any CPU
		{18648E50-4A1D-4E5D-88D1-6D106263BFF7}.Release|Any CPU.ActiveCfg = Release|Any CPU
		{18648E50-4A1D-4E5D-88D1-6D106263BFF7}.Release|Any CPU.Build.0 = Release|Any CPU
		{18648E50-4A1D-4E5D-88D1-6D106263BFF7}.Release|ARM.ActiveCfg = Release|Any CPU
		{18648E50-4A1D-4E5D-88D1-6D106263BFF7}.Release|ARM.Build.0 = Release|Any CPU
		{18648E50-4A1D-4E5D-88D1-6D106263BFF7}.Release|ARM64.ActiveCfg = Release|Any CPU
		{18648E50-4A1D-4E5D-88D1-6D106263BFF7}.Release|ARM64.Build.0 = Release|Any CPU
		{18648E50-4A1D-4E5D-88D1-6D106263BFF7}.Release|iPhone.ActiveCfg = Release|Any CPU
		{18648E50-4A1D-4E5D-88D1-6D106263BFF7}.Release|iPhone.Build.0 = Release|Any CPU
		{18648E50-4A1D-4E5D-88D1-6D106263BFF7}.Release|iPhoneSimulator.ActiveCfg = Release|Any CPU
		{18648E50-4A1D-4E5D-88D1-6D106263BFF7}.Release|iPhoneSimulator.Build.0 = Release|Any CPU
		{18648E50-4A1D-4E5D-88D1-6D106263BFF7}.Release|x64.ActiveCfg = Release|Any CPU
		{18648E50-4A1D-4E5D-88D1-6D106263BFF7}.Release|x64.Build.0 = Release|Any CPU
		{18648E50-4A1D-4E5D-88D1-6D106263BFF7}.Release|x86.ActiveCfg = Release|Any CPU
		{18648E50-4A1D-4E5D-88D1-6D106263BFF7}.Release|x86.Build.0 = Release|Any CPU
		{89698B90-0A6D-4E8A-BF86-7D0660B6C02C}.Debug|Any CPU.ActiveCfg = Debug|Any CPU
		{89698B90-0A6D-4E8A-BF86-7D0660B6C02C}.Debug|Any CPU.Build.0 = Debug|Any CPU
		{89698B90-0A6D-4E8A-BF86-7D0660B6C02C}.Debug|ARM.ActiveCfg = Debug|Any CPU
		{89698B90-0A6D-4E8A-BF86-7D0660B6C02C}.Debug|ARM.Build.0 = Debug|Any CPU
		{89698B90-0A6D-4E8A-BF86-7D0660B6C02C}.Debug|ARM64.ActiveCfg = Debug|Any CPU
		{89698B90-0A6D-4E8A-BF86-7D0660B6C02C}.Debug|ARM64.Build.0 = Debug|Any CPU
		{89698B90-0A6D-4E8A-BF86-7D0660B6C02C}.Debug|iPhone.ActiveCfg = Debug|Any CPU
		{89698B90-0A6D-4E8A-BF86-7D0660B6C02C}.Debug|iPhone.Build.0 = Debug|Any CPU
		{89698B90-0A6D-4E8A-BF86-7D0660B6C02C}.Debug|iPhoneSimulator.ActiveCfg = Debug|Any CPU
		{89698B90-0A6D-4E8A-BF86-7D0660B6C02C}.Debug|iPhoneSimulator.Build.0 = Debug|Any CPU
		{89698B90-0A6D-4E8A-BF86-7D0660B6C02C}.Debug|x64.ActiveCfg = Debug|Any CPU
		{89698B90-0A6D-4E8A-BF86-7D0660B6C02C}.Debug|x64.Build.0 = Debug|Any CPU
		{89698B90-0A6D-4E8A-BF86-7D0660B6C02C}.Debug|x86.ActiveCfg = Debug|Any CPU
		{89698B90-0A6D-4E8A-BF86-7D0660B6C02C}.Debug|x86.Build.0 = Debug|Any CPU
		{89698B90-0A6D-4E8A-BF86-7D0660B6C02C}.Release|Any CPU.ActiveCfg = Release|Any CPU
		{89698B90-0A6D-4E8A-BF86-7D0660B6C02C}.Release|Any CPU.Build.0 = Release|Any CPU
		{89698B90-0A6D-4E8A-BF86-7D0660B6C02C}.Release|ARM.ActiveCfg = Release|Any CPU
		{89698B90-0A6D-4E8A-BF86-7D0660B6C02C}.Release|ARM.Build.0 = Release|Any CPU
		{89698B90-0A6D-4E8A-BF86-7D0660B6C02C}.Release|ARM64.ActiveCfg = Release|Any CPU
		{89698B90-0A6D-4E8A-BF86-7D0660B6C02C}.Release|ARM64.Build.0 = Release|Any CPU
		{89698B90-0A6D-4E8A-BF86-7D0660B6C02C}.Release|iPhone.ActiveCfg = Release|Any CPU
		{89698B90-0A6D-4E8A-BF86-7D0660B6C02C}.Release|iPhone.Build.0 = Release|Any CPU
		{89698B90-0A6D-4E8A-BF86-7D0660B6C02C}.Release|iPhoneSimulator.ActiveCfg = Release|Any CPU
		{89698B90-0A6D-4E8A-BF86-7D0660B6C02C}.Release|iPhoneSimulator.Build.0 = Release|Any CPU
		{89698B90-0A6D-4E8A-BF86-7D0660B6C02C}.Release|x64.ActiveCfg = Release|Any CPU
		{89698B90-0A6D-4E8A-BF86-7D0660B6C02C}.Release|x64.Build.0 = Release|Any CPU
		{89698B90-0A6D-4E8A-BF86-7D0660B6C02C}.Release|x86.ActiveCfg = Release|Any CPU
		{89698B90-0A6D-4E8A-BF86-7D0660B6C02C}.Release|x86.Build.0 = Release|Any CPU
	EndGlobalSection
	GlobalSection(SolutionProperties) = preSolution
		HideSolutionNode = FALSE
	EndGlobalSection
	GlobalSection(NestedProjects) = preSolution
		{711E78E1-81CF-4C67-A70B-93FFC97822BA} = {31F33B5B-6DF6-421E-ACA4-2390ED1105B7}
		{325DDEC7-1259-4A72-8DF4-C45398EDA06E} = {31F33B5B-6DF6-421E-ACA4-2390ED1105B7}
		{BD3CA80B-6269-4701-AA20-FDED60313A49} = {31F33B5B-6DF6-421E-ACA4-2390ED1105B7}
		{9296125D-4511-4AA0-BBE5-30FD55D6F2F9} = {711E78E1-81CF-4C67-A70B-93FFC97822BA}
		{D39C7DA4-6AE1-45B5-8D9A-5AB51B8845B3} = {711E78E1-81CF-4C67-A70B-93FFC97822BA}
		{815648C6-7B9C-4FA4-BA14-50B14CEB18BE} = {711E78E1-81CF-4C67-A70B-93FFC97822BA}
		{6AB3D303-2F8B-4716-B8FC-6970B562C580} = {711E78E1-81CF-4C67-A70B-93FFC97822BA}
		{3CDD35CB-CDC9-46D0-A43D-9A75A3BBE49C} = {325DDEC7-1259-4A72-8DF4-C45398EDA06E}
		{9AB0FD49-EBAB-4756-8E93-866629421B18} = {31F33B5B-6DF6-421E-ACA4-2390ED1105B7}
		{18648E50-4A1D-4E5D-88D1-6D106263BFF7} = {18574598-C8D9-41F6-93C7-C67F2575A698}
		{89698B90-0A6D-4E8A-BF86-7D0660B6C02C} = {18574598-C8D9-41F6-93C7-C67F2575A698}
	EndGlobalSection
	GlobalSection(ExtensibilityGlobals) = postSolution
		SolutionGuid = {845E6F22-DBC8-4BEE-98C1-F79BEE473BD2}
	EndGlobalSection
EndGlobal
